
Microsoft Visual Studio Solution File, Format Version 12.00
# Visual Studio Version 16
VisualStudioVersion = 16.0.29123.88
MinimumVisualStudioVersion = 10.0.40219.1
Project("{FAE04EC0-301F-11D3-BF4B-00C04F79EFBC}") = "TerrariaPatcher", "TerrariaPatcher.csproj", "{80C7B8DD-7764-40BA-911A-EB83216F93DF}"
EndProject
Project("{FAE04EC0-301F-11D3-BF4B-00C04F79EFBC}") = "TranscendPlugins", "TranscendPlugins\TranscendPlugins.csproj", "{55C89F3A-2F84-4513-8D4C-905B8513C91C}"
EndProject
Project("{FAE04EC0-301F-11D3-BF4B-00C04F79EFBC}") = "PluginLoader.FNA", "PluginLoader.FNA\PluginLoader.FNA.csproj", "{EF1E81A7-812F-4EC5-B8BB-4FF5264A3290}"
EndProject
Project("{FAE04EC0-301F-11D3-BF4B-00C04F79EFBC}") = "PluginLoader.XNA", "PluginLoader.XNA\PluginLoader.XNA.csproj", "{A2185DCD-C7E8-4578-881C-B797D901A263}"
EndProject
Global
	GlobalSection(SolutionConfigurationPlatforms) = preSolution
		Debug|Any CPU = Debug|Any CPU
		Release (Public)|Any CPU = Release (Public)|Any CPU
		Release|Any CPU = Release|Any CPU
	EndGlobalSection
	GlobalSection(ProjectConfigurationPlatforms) = postSolution
		{80C7B8DD-7764-40BA-911A-EB83216F93DF}.Debug|Any CPU.ActiveCfg = Debug|Any CPU
		{80C7B8DD-7764-40BA-911A-EB83216F93DF}.Debug|Any CPU.Build.0 = Debug|Any CPU
		{80C7B8DD-7764-40BA-911A-EB83216F93DF}.Release (Public)|Any CPU.ActiveCfg = Release (Public)|Any CPU
		{80C7B8DD-7764-40BA-911A-EB83216F93DF}.Release (Public)|Any CPU.Build.0 = Release (Public)|Any CPU
		{80C7B8DD-7764-40BA-911A-EB83216F93DF}.Release|Any CPU.ActiveCfg = Release|Any CPU
		{80C7B8DD-7764-40BA-911A-EB83216F93DF}.Release|Any CPU.Build.0 = Release|Any CPU
		{55C89F3A-2F84-4513-8D4C-905B8513C91C}.Debug|Any CPU.ActiveCfg = Debug|Any CPU
		{55C89F3A-2F84-4513-8D4C-905B8513C91C}.Debug|Any CPU.Build.0 = Debug|Any CPU
		{55C89F3A-2F84-4513-8D4C-905B8513C91C}.Release (Public)|Any CPU.ActiveCfg = Release|Any CPU
		{55C89F3A-2F84-4513-8D4C-905B8513C91C}.Release|Any CPU.ActiveCfg = Release|Any CPU
		{EF1E81A7-812F-4EC5-B8BB-4FF5264A3290}.Debug|Any CPU.ActiveCfg = Debug|Any CPU
		{EF1E81A7-812F-4EC5-B8BB-4FF5264A3290}.Debug|Any CPU.Build.0 = Debug|Any CPU
		{EF1E81A7-812F-4EC5-B8BB-4FF5264A3290}.Release (Public)|Any CPU.ActiveCfg = Release|Any CPU
		{EF1E81A7-812F-4EC5-B8BB-4FF5264A3290}.Release (Public)|Any CPU.Build.0 = Release|Any CPU
		{EF1E81A7-812F-4EC5-B8BB-4FF5264A3290}.Release|Any CPU.ActiveCfg = Release|Any CPU
		{EF1E81A7-812F-4EC5-B8BB-4FF5264A3290}.Release|Any CPU.Build.0 = Release|Any CPU
		{A2185DCD-C7E8-4578-881C-B797D901A263}.Debug|Any CPU.ActiveCfg = Debug|Any CPU
		{A2185DCD-C7E8-4578-881C-B797D901A263}.Debug|Any CPU.Build.0 = Debug|Any CPU
		{A2185DCD-C7E8-4578-881C-B797D901A263}.Release (Public)|Any CPU.ActiveCfg = Release|Any CPU
		{A2185DCD-C7E8-4578-881C-B797D901A263}.Release (Public)|Any CPU.Build.0 = Release|Any CPU
		{A2185DCD-C7E8-4578-881C-B797D901A263}.Release|Any CPU.ActiveCfg = Release|Any CPU
		{A2185DCD-C7E8-4578-881C-B797D901A263}.Release|Any CPU.Build.0 = Release|Any CPU
	EndGlobalSection
	GlobalSection(SolutionProperties) = preSolution
		HideSolutionNode = FALSE
	EndGlobalSection
	GlobalSection(ExtensibilityGlobals) = postSolution
		SolutionGuid = {B7E8E7C3-022B-4BF7-8EE9-06714C24F7A3}
	EndGlobalSection
EndGlobal
